<?xml version="1.0" encoding="UTF-8"?>
<CONFIG>
  <ProjectOptions>
    <Version Value="12"/>
    <General><Flags><MainUnitHasTitleStatement Value="False"/></Flags><Title Value="EmbedCommandImages"/><UseAppBundle Value="False"/><ResourceType Value="res"/></General>
    <BuildModes Active="Default"><Item Name="Default" Default="True"/></BuildModes>
    <RequiredPackages><Item><PackageName Value="LCL"/></Item></RequiredPackages>
    <Units><Unit><Filename Value="EmbedCommandImages.lpr"/><IsPartOfProject Value="True"/></Unit></Units>
  </ProjectOptions>
  <CompilerOptions><Version Value="11"/><SearchPaths><OtherUnitFiles Value="../../UI"/><UnitOutputDirectory Value="lib/$(TargetCPU)-$(TargetOS)"/></SearchPaths></CompilerOptions>
</CONFIG>
