	<Project xmlns="http://schemas.microsoft.com/developer/msbuild/2003">
		<PropertyGroup>
			<ProjectGuid>{1CA196C1-6F78-4048-907C-82F8CFE4EDE6}</ProjectGuid>
			<ProjectVersion>12.0</ProjectVersion>
			<MainSource>GlScene.dpr</MainSource>
			<Config Condition="'$(Config)'==''">Debug</Config>
			<DCC_DCCCompiler>DCC32</DCC_DCCCompiler>
		</PropertyGroup>
		<PropertyGroup Condition="'$(Config)'=='Base' or '$(Base)'!=''">
			<Base>true</Base>
		</PropertyGroup>
		<PropertyGroup Condition="'$(Config)'=='Release' or '$(Cfg_1)'!=''">
			<Cfg_1>true</Cfg_1>
			<CfgParent>Base</CfgParent>
			<Base>true</Base>
		</PropertyGroup>
		<PropertyGroup Condition="'$(Config)'=='Debug' or '$(Cfg_2)'!=''">
			<Cfg_2>true</Cfg_2>
			<CfgParent>Base</CfgParent>
			<Base>true</Base>
		</PropertyGroup>
		<PropertyGroup Condition="'$(Base)'!=''">
			<DCC_UnitSearchPath>..\sharedUtils\utils\xml;..\sharedUtils\objects;..\sharedUtils\objects\utils;..\sharedUtils\forms;..\sharedUtils\utils\files;..\sharedUtils\utils;..\sharedUtils\utils\PathUtils;..\sharedUtils\utils\jcl-2.3.1.4197;..\sharedUtils\utils\jcl-2.3.1.4197\jcl-2.3.1.4197\source;..\sharedUtils\utils\jcl-2.3.1.4197\jcl-2.3.1.4197\source\windows;..\sharedUtils\utils\jcl-2.3.1.4197\jcl-2.3.1.4197\source\windows\obj;..\sharedUtils\utils\jcl-2.3.1.4197\jcl-2.3.1.4197\source\common;..\sharedUtils\utils\jcl-2.3.1.4197\jcl-2.3.1.4197\source\include;..\sharedUtils\utils\jcl-2.3.1.4197\jcl-2.3.1.4197\source\prototypes;..\sharedUtils\utils\jcl-2.3.1.4197\jcl-2.3.1.4197\source\prototypes\containers;..\sharedUtils\utils\jcl-2.3.1.4197\jcl-2.3.1.4197;..\sharedUtils;..\sharedUtils\math;..\sharedUtils\компоненты\dcl_dpk;..\sharedUtils\utils\lists;..\sharedUtils\ogl;.\core;.\tools;.\math;..\sharedUtils\компоненты\VirtualTreeView\VirtualTreeViewV5.1.1\Source;..\sharedUtils\компоненты\dcl_dpk\VistaProbar;..\sharedUtils\ogl\forms;$(DCC_UnitSearchPath)</DCC_UnitSearchPath>
			<DCC_DependencyCheckOutputName>GlScene.exe</DCC_DependencyCheckOutputName>
			<DCC_ImageBase>00400000</DCC_ImageBase>
			<DCC_UnitAlias>WinTypes=Windows;WinProcs=Windows;DbiTypes=BDE;DbiProcs=BDE;DbiErrs=BDE;$(DCC_UnitAlias)</DCC_UnitAlias>
			<DCC_Platform>x86</DCC_Platform>
			<DCC_E>false</DCC_E>
			<DCC_N>false</DCC_N>
			<DCC_S>false</DCC_S>
			<DCC_F>false</DCC_F>
			<DCC_K>false</DCC_K>
		</PropertyGroup>
		<PropertyGroup Condition="'$(Cfg_1)'!=''">
			<DCC_LocalDebugSymbols>false</DCC_LocalDebugSymbols>
			<DCC_Define>RELEASE;$(DCC_Define)</DCC_Define>
			<DCC_SymbolReferenceInfo>0</DCC_SymbolReferenceInfo>
			<DCC_DebugInformation>false</DCC_DebugInformation>
		</PropertyGroup>
		<PropertyGroup Condition="'$(Cfg_2)'!=''">
			<DCC_Define>DEBUG;$(DCC_Define)</DCC_Define>
		</PropertyGroup>
		<ItemGroup>
			<DelphiCompile Include="GlScene.dpr">
				<MainSource>MainSource</MainSource>
			</DelphiCompile>
			<DCCReference Include="forms\u3dFrm.pas">
				<Form>GlFrm</Form>
			</DCCReference>
			<DCCReference Include="objects\uSceneMng.pas"/>
			<DCCReference Include="..\sharedUtils\uCommonTypes.pas"/>
			<DCCReference Include="..\sharedUtils\objects\uBaseObjMng.pas"/>
			<DCCReference Include="..\sharedUtils\objects\uBaseObj.pas"/>
			<DCCReference Include="core\uRender.pas"/>
			<DCCReference Include="core\u3dTypes.pas"/>
			<DCCReference Include="core\uGlEventTypes.pas"/>
			<DCCReference Include="core\uUI.pas"/>
			<DCCReference Include="tools\uUiutils.pas"/>
			<DCCReference Include="tools\uselectools.pas"/>
			<DCCReference Include="..\sharedUtils\utils\uCursors.pas"/>
			<DCCReference Include="tools\uConfigFile3d.pas"/>
			<DCCReference Include="objects\uObjectTypes.pas"/>
			<DCCReference Include="objects\uQNode.pas"/>
			<DCCReference Include="objects\uMNode.pas"/>
			<DCCReference Include="objects\uNode.pas"/>
			<DCCReference Include="objects\uNodeObject.pas"/>
			<DCCReference Include="objects\uObject.pas"/>
			<DCCReference Include="objects\uBaseCamera.pas"/>
			<DCCReference Include="..\sharedUtils\utils\lists\uVlist.pas"/>
			<DCCReference Include="..\sharedUtils\utils\lists\ueventlist.pas"/>
			<DCCReference Include="..\sharedUtils\utils\lists\uEventTypes.pas"/>
			<DCCReference Include="..\sharedUtils\utils\lists\uRegClassesList.pas"/>
			<DCCReference Include="..\sharedUtils\utils\lists\usetlist.pas"/>
			<DCCReference Include="..\sharedUtils\utils\lists\uSimpleSetList.pas"/>
			<DCCReference Include="..\sharedUtils\utils\lists\uvectorlist.pas"/>
			<DCCReference Include="objects\uTestObjects.pas"/>
			<DCCReference Include="forms\uTVFrm.pas">
				<Form>SceneTVFrame</Form>
				<DesignClass>TFrame</DesignClass>
			</DCCReference>
			<DCCReference Include="..\sharedUtils\utils\uVTServices.pas"/>
			<DCCReference Include="objects\uShape.pas"/>
			<DCCReference Include="objects\uLight.pas"/>
			<DCCReference Include="objects\uMesh.pas"/>
			<DCCReference Include="objects\uMeshData.pas"/>
			<DCCReference Include="objects\uMeshObr.pas"/>
			<DCCReference Include="..\sharedUtils\objects\uBaseObjService.pas"/>
			<DCCReference Include="objects\uObrFile.pas"/>
			<DCCReference Include="objects\uObaFile.pas"/>
			<DCCReference Include="objects\uGroupObjects.pas"/>
			<DCCReference Include="objects\uLoadSkin.pas"/>
			<DCCReference Include="objects\uModList.pas"/>
			<DCCReference Include="objects\uSkin.pas"/>
			<DCCReference Include="core\uMoveController.pas"/>
			<DCCReference Include="core\uTimeController.pas"/>
			<DCCReference Include="math\uTickMath.pas"/>
			<DCCReference Include="objects\uVBOMesh.pas"/>
			<DCCReference Include="objects\TextureGL.pas"/>
			<DCCReference Include="objects\uMaterial.pas"/>
			<DCCReference Include="forms\uSelectLoadedObjects.pas">
				<Form>InfoForm</Form>
			</DCCReference>
			<DCCReference Include="forms\uEditListForm.pas">
				<Form>EditObjectForm</Form>
			</DCCReference>
			<DCCReference Include="forms\AnimationControlFrame.pas">
				<Form>AnimationCtrlFrame</Form>
				<DesignClass>TFrame</DesignClass>
			</DCCReference>
			<DCCReference Include="core\uglFrameListener.pas"/>
			<DCCReference Include="core\uClickFrListener.pas"/>
			<DCCReference Include="..\sharedUtils\math\MathFunction.pas"/>
			<DCCReference Include="objects\uBaseDeformer.pas"/>
			<DCCReference Include="objects\uBaseModificator.pas"/>
			<DCCReference Include="forms\uModifyFrame.pas">
				<Form>ModifyFrame</Form>
				<DesignClass>TFrame</DesignClass>
			</DCCReference>
			<DCCReference Include="forms\CreateModificatorForm.pas">
				<Form>cCreateModificatorForm</Form>
			</DCCReference>
			<DCCReference Include="forms\uSkinFrame.pas">
				<Form>SkinFrame</Form>
				<DesignClass>TFrame</DesignClass>
			</DCCReference>
			<DCCReference Include="forms\uMoveControllerFrame.pas">
				<Form>MoveControllerFrame</Form>
				<DesignClass>TFrame</DesignClass>
			</DCCReference>
			<DCCReference Include="forms\uTransformButtons.pas">
				<Form>TransformToolsFrame</Form>
				<DesignClass>TFrame</DesignClass>
			</DCCReference>
			<DCCReference Include="forms\SelectObjectsFrame.pas">
				<Form>SelectObjectFrame</Form>
				<DesignClass>TFrame</DesignClass>
			</DCCReference>
			<DCCReference Include="forms\uDeformerFrame.pas">
				<Form>DeformerFrame</Form>
				<DesignClass>TFrame</DesignClass>
			</DCCReference>
			<DCCReference Include="forms\uObjCtrFrame.pas">
				<Form>CtrlViewFrame</Form>
				<DesignClass>TFrame</DesignClass>
			</DCCReference>
			<DCCReference Include="..\sharedUtils\math\uMatrix.pas"/>
			<DCCReference Include="..\sharedUtils\ogl\forms\u3dSceneEditFrame.pas">
				<Form>GlSceneEditFrame</Form>
				<DesignClass>TFrame</DesignClass>
			</DCCReference>
			<BuildConfiguration Include="Base">
				<Key>Base</Key>
			</BuildConfiguration>
			<BuildConfiguration Include="Release">
				<Key>Cfg_1</Key>
				<CfgParent>Base</CfgParent>
			</BuildConfiguration>
			<BuildConfiguration Include="Debug">
				<Key>Cfg_2</Key>
				<CfgParent>Base</CfgParent>
			</BuildConfiguration>
		</ItemGroup>
		<Import Project="$(BDS)\Bin\CodeGear.Delphi.Targets" Condition="Exists('$(BDS)\Bin\CodeGear.Delphi.Targets')"/>
		<ProjectExtensions>
			<Borland.Personality>Delphi.Personality.12</Borland.Personality>
			<Borland.ProjectType/>
			<BorlandProject>
				<Delphi.Personality>
					<Source>
						<Source Name="MainSource">GlScene.dpr</Source>
					</Source>
					<Parameters>
						<Parameters Name="UseLauncher">False</Parameters>
						<Parameters Name="LoadAllSymbols">True</Parameters>
						<Parameters Name="LoadUnspecifiedSymbols">False</Parameters>
					</Parameters>
					<VersionInfo>
						<VersionInfo Name="IncludeVerInfo">False</VersionInfo>
						<VersionInfo Name="AutoIncBuild">False</VersionInfo>
						<VersionInfo Name="MajorVer">1</VersionInfo>
						<VersionInfo Name="MinorVer">0</VersionInfo>
						<VersionInfo Name="Release">0</VersionInfo>
						<VersionInfo Name="Build">0</VersionInfo>
						<VersionInfo Name="Debug">False</VersionInfo>
						<VersionInfo Name="PreRelease">False</VersionInfo>
						<VersionInfo Name="Special">False</VersionInfo>
						<VersionInfo Name="Private">False</VersionInfo>
						<VersionInfo Name="DLL">False</VersionInfo>
						<VersionInfo Name="Locale">1049</VersionInfo>
						<VersionInfo Name="CodePage">1251</VersionInfo>
					</VersionInfo>
					<VersionInfoKeys>
						<VersionInfoKeys Name="CompanyName"/>
						<VersionInfoKeys Name="FileDescription"/>
						<VersionInfoKeys Name="FileVersion">1.0.0.0</VersionInfoKeys>
						<VersionInfoKeys Name="InternalName"/>
						<VersionInfoKeys Name="LegalCopyright"/>
						<VersionInfoKeys Name="LegalTrademarks"/>
						<VersionInfoKeys Name="OriginalFilename"/>
						<VersionInfoKeys Name="ProductName"/>
						<VersionInfoKeys Name="ProductVersion">1.0.0.0</VersionInfoKeys>
						<VersionInfoKeys Name="Comments"/>
					</VersionInfoKeys>
				</Delphi.Personality>
			</BorlandProject>
			<ProjectFileVersion>12</ProjectFileVersion>
		</ProjectExtensions>
	</Project>
