	<Project xmlns="http://schemas.microsoft.com/developer/msbuild/2003">
		<PropertyGroup>
			<ProjectGuid>{7CB83E1E-19A9-46DA-917D-FD2D31BD99E8}</ProjectGuid>
			<ProjectVersion>12.0</ProjectVersion>
			<MainSource>Proilegenerator.dpr</MainSource>
			<Config Condition="'$(Config)'==''">Debug</Config>
			<DCC_DCCCompiler>DCC32</DCC_DCCCompiler>
		</PropertyGroup>
		<PropertyGroup Condition="'$(Config)'=='Base' or '$(Base)'!=''">
			<Base>true</Base>
		</PropertyGroup>
		<PropertyGroup Condition="'$(Config)'=='Release' or '$(Cfg_1)'!=''">
			<Cfg_1>true</Cfg_1>
			<CfgParent>Base</CfgParent>
			<Base>true</Base>
		</PropertyGroup>
		<PropertyGroup Condition="'$(Config)'=='Debug' or '$(Cfg_2)'!=''">
			<Cfg_2>true</Cfg_2>
			<CfgParent>Base</CfgParent>
			<Base>true</Base>
		</PropertyGroup>
		<PropertyGroup Condition="'$(Base)'!=''">
			<DCC_RangeChecking>true</DCC_RangeChecking>
			<ImageDebugInfo>true</ImageDebugInfo>
			<DCC_MapFile>3</DCC_MapFile>
			<DCC_IntegerOverflowCheck>true</DCC_IntegerOverflowCheck>
			<DCC_UsePackage>vclx;vcl;vclimg;dbrtl;Rave77VCL;bdertl;rtl;vclactnband;vcldb;vcldbx;vcltouch;xmlrtl;dsnap;dsnapcon;TeeUI;TeeDB;Tee;vclib;ibxpress;adortl;IndyCore;IndySystem;IndyProtocols;inet;intrawebdb_100_140;Intraweb_100_140;VclSmp;vclie;websnap;webdsnap;inetdb;inetdbbde;inetdbxpress;soaprtl;vclribbon;dbexpress;DbxCommonDriver;DataSnapIndy10ServerTransport;DataSnapProviderClient;DbxClientDriver;DataSnapServer;DBXInterBaseDriver;DBXMySQLDriver;dbxcds;DBXFirebirdDriver;DBXSybaseASEDriver;DBXSybaseASADriver;DBXOracleDriver;DBXMSSQLDriver;DBXInformixDriver;DBXDb2Driver;dcl_own;ComponentsLib;RC_lib</DCC_UsePackage>
			<DCC_DebugInfoInExe>true</DCC_DebugInfoInExe>
			<BRCC_IncludePath>..\sharedUtils\mera;..\sharedUtils\mera\uts;$(BRCC_IncludePath)</BRCC_IncludePath>
			<DCC_UnitSearchPath>..\sharedUtils\utils\xml;..\sharedUtils\objects\utils;..\sharedUtils\forms;..\sharedUtils\objects;..\sharedUtils\компоненты\chart_dpk\chart\utils\lists;..\sharedUtils\компоненты\chart_dpk\chart\utils;..\sharedUtils\компоненты\chart_dpk\chart\items;..\sharedUtils\компоненты\chart_dpk\chart;..\sharedUtils\utils\lists;..\sharedUtils\math;..\sharedUtils;..\sharedUtils\utils\PathUtils;..\sharedUtils\компоненты;..\sharedUtils\utils;..\sharedUtils\компоненты\dcl_dpk;..\sharedUtils\ogl;..\sharedUtils\ogl\dglOpenGL;..\3d\math;..\sharedUtils\компоненты\chart_dpk\chart\items\framelisteners;..\3dProj\Loader_\Render\Shaders;..\3dProj\Loader_\helptools;..\sharedUtils\компоненты\chart_dpk\chart\forms;..\sharedUtils\компоненты\chart_dpk\chart\forms\frames;..\sharedUtils\utils\jcl-2.3.1.4197\jcl-2.3.1.4197\source\windows;..\sharedUtils\utils\jcl-2.3.1.4197\jcl-2.3.1.4197\source\include;..\sharedUtils\utils\jcl-2.3.1.4197\jcl-2.3.1.4197\lib\d14\debug;..\sharedUtils\mera;..\sharedUtils\mera\uts;..\sharedUtils\компоненты\VirtualTreeView\VirtualTreeViewV5.1.1\Source;..\3d\objects;..\3d\tools;$(DCC_UnitSearchPath)</DCC_UnitSearchPath>
			<DCC_DependencyCheckOutputName>Proilegenerator.exe</DCC_DependencyCheckOutputName>
			<DCC_ImageBase>00400000</DCC_ImageBase>
			<DCC_UnitAlias>WinTypes=Windows;WinProcs=Windows;DbiTypes=BDE;DbiProcs=BDE;DbiErrs=BDE;$(DCC_UnitAlias)</DCC_UnitAlias>
			<DCC_Platform>x86</DCC_Platform>
			<DCC_E>false</DCC_E>
			<DCC_N>false</DCC_N>
			<DCC_S>false</DCC_S>
			<DCC_F>false</DCC_F>
			<DCC_K>false</DCC_K>
		</PropertyGroup>
		<PropertyGroup Condition="'$(Cfg_1)'!=''">
			<DCC_LocalDebugSymbols>false</DCC_LocalDebugSymbols>
			<DCC_Define>RELEASE;$(DCC_Define)</DCC_Define>
			<DCC_SymbolReferenceInfo>0</DCC_SymbolReferenceInfo>
			<DCC_DebugInformation>false</DCC_DebugInformation>
		</PropertyGroup>
		<PropertyGroup Condition="'$(Cfg_2)'!=''">
			<DCC_Define>DEBUG;$(DCC_Define)</DCC_Define>
		</PropertyGroup>
		<ItemGroup>
			<DelphiCompile Include="Proilegenerator.dpr">
				<MainSource>MainSource</MainSource>
			</DelphiCompile>
			<DCCReference Include="ProfileGenerator.pas">
				<Form>EditProfileForm</Form>
			</DCCReference>
			<DCCReference Include="uEditForm.pas">
				<Form>EditForm</Form>
			</DCCReference>
			<DCCReference Include="uEditTubeFrm.pas">
				<Form>EditTubeFrm</Form>
			</DCCReference>
			<DCCReference Include="..\sharedUtils\mera\uMeraFile.pas"/>
			<DCCReference Include="..\sharedUtils\компоненты\chart_dpk\chart\items\uPolarGraphPage.pas"/>
			<BuildConfiguration Include="Base">
				<Key>Base</Key>
			</BuildConfiguration>
			<BuildConfiguration Include="Release">
				<Key>Cfg_1</Key>
				<CfgParent>Base</CfgParent>
			</BuildConfiguration>
			<BuildConfiguration Include="Debug">
				<Key>Cfg_2</Key>
				<CfgParent>Base</CfgParent>
			</BuildConfiguration>
		</ItemGroup>
		<Import Project="$(BDS)\Bin\CodeGear.Delphi.Targets" Condition="Exists('$(BDS)\Bin\CodeGear.Delphi.Targets')"/>
		<ProjectExtensions>
			<Borland.Personality>Delphi.Personality.12</Borland.Personality>
			<Borland.ProjectType/>
			<BorlandProject>
				<Delphi.Personality>
					<Source>
						<Source Name="MainSource">Proilegenerator.dpr</Source>
					</Source>
					<Parameters>
						<Parameters Name="UseLauncher">False</Parameters>
						<Parameters Name="LoadAllSymbols">True</Parameters>
						<Parameters Name="LoadUnspecifiedSymbols">False</Parameters>
					</Parameters>
					<VersionInfo>
						<VersionInfo Name="IncludeVerInfo">False</VersionInfo>
						<VersionInfo Name="AutoIncBuild">False</VersionInfo>
						<VersionInfo Name="MajorVer">1</VersionInfo>
						<VersionInfo Name="MinorVer">0</VersionInfo>
						<VersionInfo Name="Release">0</VersionInfo>
						<VersionInfo Name="Build">0</VersionInfo>
						<VersionInfo Name="Debug">False</VersionInfo>
						<VersionInfo Name="PreRelease">False</VersionInfo>
						<VersionInfo Name="Special">False</VersionInfo>
						<VersionInfo Name="Private">False</VersionInfo>
						<VersionInfo Name="DLL">False</VersionInfo>
						<VersionInfo Name="Locale">1049</VersionInfo>
						<VersionInfo Name="CodePage">1251</VersionInfo>
					</VersionInfo>
					<VersionInfoKeys>
						<VersionInfoKeys Name="CompanyName"/>
						<VersionInfoKeys Name="FileDescription"/>
						<VersionInfoKeys Name="FileVersion">1.0.0.0</VersionInfoKeys>
						<VersionInfoKeys Name="InternalName"/>
						<VersionInfoKeys Name="LegalCopyright"/>
						<VersionInfoKeys Name="LegalTrademarks"/>
						<VersionInfoKeys Name="OriginalFilename"/>
						<VersionInfoKeys Name="ProductName"/>
						<VersionInfoKeys Name="ProductVersion">1.0.0.0</VersionInfoKeys>
						<VersionInfoKeys Name="Comments"/>
					</VersionInfoKeys>
					<Excluded_Packages>
						<Excluded_Packages Name="$(BDS)\bin\dcloffice2k140.bpl">Microsoft Office 2000 Sample Automation Server Wrapper Components</Excluded_Packages>
						<Excluded_Packages Name="$(BDS)\bin\dclofficexp140.bpl">Microsoft Office XP Sample Automation Server Wrapper Components</Excluded_Packages>
					</Excluded_Packages>
				</Delphi.Personality>
			</BorlandProject>
			<ProjectFileVersion>12</ProjectFileVersion>
		</ProjectExtensions>
	</Project>
