<?xml version="1.0" encoding="UTF-8"?>
<CONFIG>
  <ProjectOptions>
    <Version Value="12"/>
    <General>
      <Flags><MainUnitHasTitleStatement Value="False"/></Flags>
      <SessionStorage Value="InProjectDir"/>
      <Title Value="ImpactHammerServiceTest"/>
      <UseAppBundle Value="False"/>
      <ResourceType Value="res"/>
    </General>
    <BuildModes><Item Name="Default" Default="True"/></BuildModes>
    <Units>
      <Unit><Filename Value="ImpactHammerServiceTest.lpr"/><IsPartOfProject Value="True"/></Unit>
    </Units>
    <RequiredPackages>
      <Item><PackageName Value="LazOpenGLContext"/></Item>
      <Item><PackageName Value="bgracontrols"/></Item>
      <Item><PackageName Value="LCL"/></Item>
    </RequiredPackages>
  </ProjectOptions>
  <CompilerOptions>
    <Version Value="11"/>
    <SearchPaths>
      <OtherUnitFiles Value="../../../RecorderLnx;../../../RecorderLnx/Algs;../../../RecorderLnx/Core;../../../RecorderLnx/UI;../../../RecorderLnx/Components/Common;../../../RecorderLnx/Components/Donut;../../../RecorderLnx/Components/Editor;../../../RecorderLnx/Components/ImpactHammer;../../../RecorderLnx/Components/Lissajous;../../../RecorderLnx/Components/Oscillogram;../../../RecorderLnx/Components/Spectrum;../../../RecorderLnx/Components/ThreeD;../../../RecorderLnx/Components/Trend;../../../RecorderLnx/Plugins/SDK;../../../SharedUtils;../../../SharedUtils/math;../../../SharedUtils/components/chart_lzr;../../../SharedUtils/3d/core;../../../SharedUtils/3d/contracts;../../../SharedUtils/3d/motion;../../../SharedUtils/3d/io"/>
      <UnitOutputDirectory Value="lib"/>
    </SearchPaths>
    <CodeGeneration><Optimizations><OptimizationLevel Value="2"/></Optimizations></CodeGeneration>
    <Linking><Debugging><DebugInfoType Value="dsDwarf3"/></Debugging></Linking>
  </CompilerOptions>
</CONFIG>
