<?xml version="1.0" encoding="UTF-8"?>
<CONFIG>
  <ProjectOptions>
    <Version Value="12"/>
    <General>
      <Flags>
        <MainUnitHasTitleStatement Value="False"/>
      </Flags>
      <SessionStorage Value="InProjectDir"/>
      <Title Value="RecorderCoordinator"/>
      <UseAppBundle Value="False"/>
    </General>
    <BuildModes>
      <Item Name="Default" Default="True"/>
    </BuildModes>
    <PublishOptions>
      <Version Value="2"/>
    </PublishOptions>
    <RunParams>
      <FormatVersion Value="2"/>
    </RunParams>
    <RequiredPackages>
      <Item>
        <PackageName Value="DateTimeCtrls"/>
      </Item>
      <Item>
        <PackageName Value="LCL"/>
      </Item>
      <Item>
        <PackageName Value="FCL"/>
      </Item>
      <Item>
        <PackageName Value="LazUtils"/>
      </Item>
    </RequiredPackages>
    <Units>
      <Unit>
        <Filename Value="RecorderCoordinator.lpr"/>
        <IsPartOfProject Value="True"/>
      </Unit>
      <Unit>
        <Filename Value="Core/uCoordinatorModel.pas"/>
        <IsPartOfProject Value="True"/>
      </Unit>
      <Unit>
        <Filename Value="Core/uCoordinatorConfig.pas"/>
        <IsPartOfProject Value="True"/>
      </Unit>
      <Unit>
        <Filename Value="Core/uCoordinatorCli.pas"/>
        <IsPartOfProject Value="True"/>
      </Unit>
      <Unit>
        <Filename Value="Service/uCoordinatorHttpServer.pas"/>
        <IsPartOfProject Value="True"/>
      </Unit>
      <Unit>
        <Filename Value="UI/uCoordinatorMainForm.pas"/>
        <IsPartOfProject Value="True"/>
        <ComponentName Value="CoordinatorMainForm"/>
        <HasResources Value="True"/>
        <ResourceBaseClass Value="Form"/>
      </Unit>
    </Units>
  </ProjectOptions>
  <CompilerOptions>
    <Version Value="11"/>
    <SearchPaths>
      <OtherUnitFiles Value="Core;Service;UI;../RecorderLnx;../RecorderLnx/Algs;../RecorderLnx/Core;../RecorderLnx/Calibrations;../RecorderLnx/Calibrations/Strains;../RecorderLnx/Device;../RecorderLnx/Device/MIC140;../RecorderLnx/Device/MIC140/UI;../RecorderLnx/Device/MIC140/utils;../RecorderLnx/Device/mic185;../RecorderLnx/Device/mic185/UI;../RecorderLnx/Device/MCbus;../RecorderLnx/Device/MCbus/UI;../RecorderLnx/SDB;../RecorderLnx/SQLdb;../RecorderLnx/SQLdb/SqlTrend;../SharedUtils;../Tests/RecorderTests/UITestData;../third_party/fpspreadsheet"/>
      <UnitOutputDirectory Value="lib/$(TargetCPU)-$(TargetOS)"/>
    </SearchPaths>
    <Linking>
      <Debugging>
        <DebugInfoType Value="dsDwarf3"/>
      </Debugging>
      <Options>
        <Win32>
          <GraphicApplication Value="True"/>
        </Win32>
      </Options>
    </Linking>
  </CompilerOptions>
</CONFIG>
