<?xml version="1.0" encoding="UTF-8"?>
<CONFIG>
  <ProjectOptions>
    <Version Value="12"/>
    <General>
      <Flags>
        <MainUnitHasTitleStatement Value="False"/>
      </Flags>
      <SessionStorage Value="InProjectDir"/>
      <Title Value="RecorderLnx"/>
      <UseAppBundle Value="False"/>
      <ResourceType Value="res"/>
    </General>
    <BuildModes>
      <Item Name="Default" Default="True"/>
    </BuildModes>
    <PublishOptions>
      <Version Value="2"/>
    </PublishOptions>
    <RunParams>
      <FormatVersion Value="2"/>
    </RunParams>
    <RequiredPackages>
      <Item>
        <PackageName Value="LzrObrPack"/>
      </Item>
      <Item>
        <PackageName Value="TAChartLazarusPkg"/>
      </Item>
      <Item>
        <PackageName Value="LCL"/>
      </Item>
    </RequiredPackages>
    <Units>
      <Unit>
        <Filename Value="RecorderLnx.lpr"/>
        <IsPartOfProject Value="True"/>
      </Unit>
      <Unit>
        <Filename Value="UI/uMainForm.pas"/>
        <IsPartOfProject Value="True"/>
        <ComponentName Value="MainForm"/>
        <HasResources Value="True"/>
        <ResourceBaseClass Value="Form"/>
      </Unit>
      <Unit>
        <Filename Value="Core/uRecorderStateMachine.pas"/>
        <IsPartOfProject Value="True"/>
      </Unit>
      <Unit>
        <Filename Value="Core/uRecorderRunControlSettings.pas"/>
        <IsPartOfProject Value="True"/>
      </Unit>
      <Unit>
        <Filename Value="Core/uRecorderFormModel.pas"/>
        <IsPartOfProject Value="True"/>
      </Unit>
      <Unit>
        <Filename Value="Core/uRecorderCoreServices.pas"/>
        <IsPartOfProject Value="True"/>
      </Unit>
      <Unit>
        <Filename Value="Core/uRecorderTags.pas"/>
        <IsPartOfProject Value="True"/>
      </Unit>
      <Unit>
        <Filename Value="Core/uRecorderDataSources.pas"/>
        <IsPartOfProject Value="True"/>
      </Unit>
      <Unit>
        <Filename Value="Core/uRecorderEventQueue.pas"/>
        <IsPartOfProject Value="True"/>
      </Unit>
      <Unit>
        <Filename Value="Core/uRecorderDataStorage.pas"/>
        <IsPartOfProject Value="True"/>
      </Unit>
      <Unit>
        <Filename Value="Core/uRecorderTimeSystem.pas"/>
        <IsPartOfProject Value="True"/>
      </Unit>
      <Unit>
        <Filename Value="Core/uRecorderProjectFiles.pas"/>
        <IsPartOfProject Value="True"/>
      </Unit>
      <Unit>
        <Filename Value="UI/uFormPagesDialog.pas"/>
        <IsPartOfProject Value="True"/>
      </Unit>
      <Unit>
        <Filename Value="UI/uFormEditorController.pas"/>
        <IsPartOfProject Value="True"/>
      </Unit>
      <Unit>
        <Filename Value="UI/uRecorderSettingsDialog.pas"/>
        <IsPartOfProject Value="True"/>
        <ComponentName Value="RecorderSettingsDialog"/>
        <HasResources Value="True"/>
        <ResourceBaseClass Value="Form"/>
      </Unit>
      <Unit>
        <Filename Value="UI/uRecorderCommandImages.pas"/>
        <IsPartOfProject Value="True"/>
      </Unit>
      <Unit>
        <Filename Value="UI/uTagSettingsDialog.pas"/>
        <IsPartOfProject Value="True"/>
      </Unit>
      <Unit>
        <Filename Value="UI/uRecorderDigitalPageView.pas"/>
        <IsPartOfProject Value="True"/>
      </Unit>
      <Unit>
        <Filename Value="UI/uRecorderOscillogramPageView.pas"/>
        <IsPartOfProject Value="True"/>
      </Unit>
      <Unit>
        <Filename Value="UI/uRecorderOglOscillogramView.pas"/>
        <IsPartOfProject Value="True"/>
      </Unit>
      <Unit>
        <Filename Value="../SharedUtils/uSharedFileLogger.pas"/>
        <IsPartOfProject Value="True"/>
      </Unit>
    </Units>
  </ProjectOptions>
  <CompilerOptions>
    <Version Value="11"/>
    <SearchPaths>
      <IncludeFiles Value="$(ProjOutDir)"/>
      <OtherUnitFiles Value="Core;UI;../SharedUtils;../SharedUtils/mera;../Tests/RecorderTests/UITestData"/>
      <UnitOutputDirectory Value="lib/$(TargetCPU)-$(TargetOS)"/>
    </SearchPaths>
    <Linking>
      <Debugging>
        <DebugInfoType Value="dsDwarf3"/>
      </Debugging>
    </Linking>
  </CompilerOptions>
  <Debugging>
    <Exceptions>
      <Item>
        <Name Value="EAbort"/>
      </Item>
      <Item>
        <Name Value="ECodetoolError"/>
      </Item>
      <Item>
        <Name Value="EFOpenError"/>
      </Item>
      <Item>
        <Name Value="ERecorderStateError"/>
      </Item>
    </Exceptions>
  </Debugging>
</CONFIG>
