<?xml version="1.0" encoding="UTF-8"?>
<CONFIG>
  <ProjectOptions>
    <Version Value="12"/>
    <General>
      <Flags>
        <MainUnitHasTitleStatement Value="False"/>
      </Flags>
      <SessionStorage Value="InProjectDir"/>
      <Title Value="RecorderDataSourcesTest"/>
      <UseAppBundle Value="False"/>
      <ResourceType Value="res"/>
    </General>
    <BuildModes>
      <Item Name="Default" Default="True"/>
    </BuildModes>
    <PublishOptions>
      <Version Value="2"/>
    </PublishOptions>
    <RunParams>
      <FormatVersion Value="2"/>
    </RunParams>
    <RequiredPackages>
      <Item>
        <PackageName Value="LCL"/>
      </Item>
      <Item>
        <PackageName Value="LazUtils"/>
      </Item>
    </RequiredPackages>
    <Units>
      <Unit>
        <Filename Value="RecorderDataSourcesTest.lpr"/>
        <IsPartOfProject Value="True"/>
      </Unit>
    </Units>
  </ProjectOptions>
  <CompilerOptions>
    <Version Value="11"/>
    <SearchPaths>
      <OtherUnitFiles Value="../../../RecorderLnx/Algs;../../../RecorderLnx/Core;../../../RecorderLnx/SDB;../../../RecorderLnx/SQLdb;../../../RecorderLnx/SQLdb/SqlTrend;../../../RecorderLnx/Components/Common;../../../RecorderLnx/Components/Donut;../../../RecorderLnx/Components/Editor;../../../RecorderLnx/Components/FrequencyResponse;../../../RecorderLnx/Components/ImpactHammer;../../../RecorderLnx/Components/Lissajous;../../../RecorderLnx/Components/MeasurementSection;../../../RecorderLnx/Components/Oscillogram;../../../RecorderLnx/Components/SignalGenerator;../../../RecorderLnx/Components/Spectrum;../../../RecorderLnx/Components/SqlTrend;../../../RecorderLnx/Components/Standard;../../../RecorderLnx/Components/ThreeD;../../../RecorderLnx/Components/Trend;../../../RecorderLnx/Device;../../../RecorderLnx/Device/MIC140;../../../RecorderLnx/Device/MIC140/utils;../../../RecorderLnx/Device/mic185;../../../RecorderLnx/Device/MCbus;../../../RecorderLnx;../../../SharedUtils;../../../SharedUtils/components/chart_lzr;../../../SharedUtils/3d/core;../../../SharedUtils/3d/contracts;../../../SharedUtils/3d/io;../../../SharedUtils/3d/interaction;../../../SharedUtils/3d/motion;../../../SharedUtils/3d/lcl;../../../SharedUtils/3d/render/opengl"/>
      <UnitOutputDirectory Value="lib/$(TargetCPU)-$(TargetOS)"/>
    </SearchPaths>
    <Linking>
      <Debugging>
        <DebugInfoType Value="dsDwarf3"/>
      </Debugging>
    </Linking>
    <Other>
      <CustomOptions Value="-Fu../../../RecorderLnx/Calibrations -Fu../../../RecorderLnx/Calibrations/Strains"/>
    </Other>
  </CompilerOptions>
</CONFIG>
