<?xml version="1.0" encoding="UTF-8"?>
<CONFIG>
  <ProjectOptions>
    <Version Value="12"/>
    <General>
      <Flags><MainUnitHasTitleStatement Value="False"/></Flags>
      <SessionStorage Value="InProjectDir"/>
      <Title Value="RecorderDacCoreTest"/>
      <UseAppBundle Value="False"/>
      <ResourceType Value="res"/>
    </General>
    <RequiredPackages>
      <Item><PackageName Value="LCL"/></Item>
      <Item><PackageName Value="LazUtils"/></Item>
    </RequiredPackages>
    <Units>
      <Unit><Filename Value="RecorderDacCoreTest.lpr"/><IsPartOfProject Value="True"/></Unit>
    </Units>
  </ProjectOptions>
  <CompilerOptions>
    <Version Value="11"/>
    <SearchPaths>
      <OtherUnitFiles Value="../../../RecorderLnx/Device/DAC/Core;../../../RecorderLnx/Device/DAC/Null;../../../RecorderLnx/Device/DAC/Audio;../../../RecorderLnx/Core;../../../RecorderLnx/Algs;../../../RecorderLnx/SDB;../../../RecorderLnx;../../../SharedUtils"/>
      <UnitOutputDirectory Value="lib/$(TargetCPU)-$(TargetOS)"/>
    </SearchPaths>
    <Linking><Debugging><DebugInfoType Value="dsDwarf3"/></Debugging></Linking>
  </CompilerOptions>
</CONFIG>
