	<Project xmlns="http://schemas.microsoft.com/developer/msbuild/2003">
		<PropertyGroup>
			<ProjectGuid>{17843fac-20c4-49d5-9b8c-304302d01b5c}</ProjectGuid>
			<MainSource>GlPackage.dpk</MainSource>
			<Configuration Condition=" '$(Configuration)' == '' ">Debug</Configuration>
			<Platform Condition=" '$(Platform)' == '' ">AnyCPU</Platform>
			<DCC_DCCCompiler>DCC32</DCC_DCCCompiler>
			<DCC_DependencyCheckOutputName>C:\Documents and Settings\All Users\Документы\RAD Studio\5.0\Bpl\GlPackage.bpl</DCC_DependencyCheckOutputName>
			<ProjectVersion>12.0</ProjectVersion>
			<Config Condition="'$(Config)'==''">Debug</Config>
		</PropertyGroup>
		<PropertyGroup Condition="'$(Config)'=='Base' or '$(Base)'!=''">
			<Base>true</Base>
		</PropertyGroup>
		<PropertyGroup Condition="'$(Config)'=='Release' or '$(Cfg_1)'!=''">
			<Cfg_1>true</Cfg_1>
			<CfgParent>Base</CfgParent>
			<Base>true</Base>
		</PropertyGroup>
		<PropertyGroup Condition="'$(Config)'=='Debug' or '$(Cfg_2)'!=''">
			<Cfg_2>true</Cfg_2>
			<CfgParent>Base</CfgParent>
			<Base>true</Base>
		</PropertyGroup>
		<PropertyGroup Condition="'$(Base)'!=''">
			<DCC_UnitSearchPath>..\..\sharedUtils\utils\xml;..\..\sharedUtils\objects;..\..\sharedUtils\objects\utils;..\..\sharedUtils\utils\lists;..\..\sharedUtils\math;..\..\sharedUtils;..\..\sharedUtils\forms;..\..\sharedUtils\utils;..\..\sharedUtils\ogl;..\objects;..\math;..\forms;..\core;..\tools;..\..\sharedUtils\utils\pathutils;$(DCC_UnitSearchPath)</DCC_UnitSearchPath>
			<BRCC_IncludePath>..\..\..\sharedUtils\utils\lists;$(BRCC_IncludePath)</BRCC_IncludePath>
			<DesignOnlyPackage>true</DesignOnlyPackage>
			<DCC_ImageBase>00400000</DCC_ImageBase>
			<DCC_DependencyCheckOutputName>S:\Users\Public\Documents\RAD Studio\7.0\Bpl\GlPackage.bpl</DCC_DependencyCheckOutputName>
			<GenDll>true</GenDll>
			<DCC_OutputNeverBuildDcps>true</DCC_OutputNeverBuildDcps>
			<GenPackage>true</GenPackage>
		</PropertyGroup>
		<PropertyGroup Condition="'$(Cfg_1)'!=''">
			<Version>7.0</Version>
			<DCC_DebugInformation>False</DCC_DebugInformation>
			<DCC_LocalDebugSymbols>False</DCC_LocalDebugSymbols>
			<DCC_SymbolReferenceInfo>0</DCC_SymbolReferenceInfo>
			<DCC_UnitSearchPath>..\Scene\objects\helputils;..\Uinterface\;..\Render;..\Scene\objects;..\Scene\objects\camera;..\helpTools;..\helpTools\Opengl tools;..\Render\Shaders;..\Scene;..\Scene\materials;..\components;..\Scene\forms;..\helpTools\Lists;..\Scene\objects\helputils\SceneLists;..\Scene\modify;..\Scene\modify\deformers;..\Scene\modify\Edit;..\Scene\modify\Forms;$(BDS)\source\ToolsAPI;D:\soft\BDS\source\ToolsAPI;..\Scene\fileformats;..\Render\forms;..\Scene\fileformats\obrFunc;..\Forms\frames;..\Uinterface\frameListeners;$(DCC_UnitSearchPath)</DCC_UnitSearchPath>
			<DCC_ResourcePath>..\Scene\objects\helputils;..\Uinterface\;..\Render;..\math;..\Scene\objects;..\Scene\objects\camera;..\helpTools;..\helpTools\Opengl tools;..\Render\Shaders;..\Scene;..\Scene\materials;..\components;..\Scene\forms;..\Forms;..\helpTools\Lists;..\Scene\objects\helputils\SceneLists;..\Scene\modify;..\Scene\modify\deformers;..\Scene\modify\Edit;..\Scene\modify\Forms;$(BDS)\source\ToolsAPI;D:\soft\BDS\source\ToolsAPI;..\Scene\fileformats;..\Render\forms;..\Scene\fileformats\obrFunc;..\Forms\frames;..\Uinterface\frameListeners;$(DCC_ResourcePath)</DCC_ResourcePath>
			<DCC_ObjPath>..\Scene\objects\helputils;..\Uinterface\;..\Render;..\math;..\Scene\objects;..\Scene\objects\camera;..\helpTools;..\helpTools\Opengl tools;..\Render\Shaders;..\Scene;..\Scene\materials;..\components;..\Scene\forms;..\Forms;..\helpTools\Lists;..\Scene\objects\helputils\SceneLists;..\Scene\modify;..\Scene\modify\deformers;..\Scene\modify\Edit;..\Scene\modify\Forms;$(BDS)\source\ToolsAPI;D:\soft\BDS\source\ToolsAPI;..\Scene\fileformats;..\Render\forms;..\Scene\fileformats\obrFunc;..\Forms\frames;..\Uinterface\frameListeners;$(DCC_ObjPath)</DCC_ObjPath>
			<DCC_IncludePath>..\Scene\objects\helputils;..\Uinterface\;..\Render;..\math;..\Scene\objects;..\Scene\objects\camera;..\helpTools;..\helpTools\Opengl tools;..\Render\Shaders;..\Scene;..\Scene\materials;..\components;..\Scene\forms;..\Forms;..\helpTools\Lists;..\Scene\objects\helputils\SceneLists;..\Scene\modify;..\Scene\modify\deformers;..\Scene\modify\Edit;..\Scene\modify\Forms;$(BDS)\source\ToolsAPI;D:\soft\BDS\source\ToolsAPI;..\Scene\fileformats;..\Render\forms;..\Scene\fileformats\obrFunc;..\Forms\frames;..\Uinterface\frameListeners;$(DCC_IncludePath)</DCC_IncludePath>
			<DCC_Define>RELEASE;$(DCC_Define)</DCC_Define>
		</PropertyGroup>
		<PropertyGroup Condition="'$(Cfg_2)'!=''">
			<Version>7.0</Version>
			<DCC_UnitSearchPath>..\Scene\objects\helputils;..\Uinterface\;..\Render;..\Scene\objects;..\Scene\objects\camera;..\helpTools;..\helpTools\Opengl tools;..\Render\Shaders;..\Scene;..\Scene\materials;..\components;..\Scene\forms;..\helpTools\Lists;..\Scene\objects\helputils\SceneLists;..\Scene\modify;..\Scene\modify\deformers;..\Scene\modify\Edit;..\Scene\modify\Forms;$(BDS)\source\ToolsAPI;..\Scene\fileformats;..\Render\forms;..\Scene\fileformats\obrFunc;..\Forms\frames;..\Uinterface\frameListeners;..\..\..\sharedUtils\компоненты\dcl_dpk;..\..\..\sharedUtils\utils\lists;..\..\..\sharedUtils\math;..\..\..\sharedUtils\utils;..\..\..\sharedUtils;..\..\..\sharedUtils\utils\PathUtils;..\..\..\sharedUtils\ogl;$(DCC_UnitSearchPath)</DCC_UnitSearchPath>
			<DCC_ResourcePath>..\Scene\objects\helputils;..\Uinterface\;..\Render;..\math;..\Scene\objects;..\Scene\objects\camera;..\helpTools;..\helpTools\Opengl tools;..\Render\Shaders;..\Scene;..\Scene\materials;..\components;..\Scene\forms;..\Forms;..\helpTools\Lists;..\Scene\objects\helputils\SceneLists;..\Scene\modify;..\Scene\modify\deformers;..\Scene\modify\Edit;..\Scene\modify\Forms;$(BDS)\source\ToolsAPI;..\Scene\fileformats;..\Render\forms;..\Scene\fileformats\obrFunc;..\Forms\frames;..\Uinterface\frameListeners;..\..\..\sharedUtils\компоненты\dcl_dpk;..\..\..\sharedUtils\utils\lists;..\..\..\sharedUtils\objects;..\..\..\sharedUtils\math;..\..\..\sharedUtils\utils;..\..\..\sharedUtils;..\..\..\sharedUtils\utils\PathUtils;..\..\..\sharedUtils\ogl;$(DCC_ResourcePath)</DCC_ResourcePath>
			<DCC_ObjPath>..\Scene\objects\helputils;..\Uinterface\;..\Render;..\math;..\Scene\objects;..\Scene\objects\camera;..\helpTools;..\helpTools\Opengl tools;..\Render\Shaders;..\Scene;..\Scene\materials;..\components;..\Scene\forms;..\Forms;..\helpTools\Lists;..\Scene\objects\helputils\SceneLists;..\Scene\modify;..\Scene\modify\deformers;..\Scene\modify\Edit;..\Scene\modify\Forms;$(BDS)\source\ToolsAPI;..\Scene\fileformats;..\Render\forms;..\Scene\fileformats\obrFunc;..\Forms\frames;..\Uinterface\frameListeners;..\..\..\sharedUtils\компоненты\dcl_dpk;..\..\..\sharedUtils\utils\lists;..\..\..\sharedUtils\objects;..\..\..\sharedUtils\math;..\..\..\sharedUtils\utils;..\..\..\sharedUtils;..\..\..\sharedUtils\utils\PathUtils;..\..\..\sharedUtils\ogl;$(DCC_ObjPath)</DCC_ObjPath>
			<DCC_IncludePath>..\Scene\objects\helputils;..\Uinterface\;..\Render;..\math;..\Scene\objects;..\Scene\objects\camera;..\helpTools;..\helpTools\Opengl tools;..\Render\Shaders;..\Scene;..\Scene\materials;..\components;..\Scene\forms;..\Forms;..\helpTools\Lists;..\Scene\objects\helputils\SceneLists;..\Scene\modify;..\Scene\modify\deformers;..\Scene\modify\Edit;..\Scene\modify\Forms;$(BDS)\source\ToolsAPI;..\Scene\fileformats;..\Render\forms;..\Scene\fileformats\obrFunc;..\Forms\frames;..\Uinterface\frameListeners;..\..\..\sharedUtils\компоненты\dcl_dpk;..\..\..\sharedUtils\utils\lists;..\..\..\sharedUtils\objects;..\..\..\sharedUtils\math;..\..\..\sharedUtils\utils;..\..\..\sharedUtils;..\..\..\sharedUtils\utils\PathUtils;..\..\..\sharedUtils\ogl;$(DCC_IncludePath)</DCC_IncludePath>
		</PropertyGroup>
		<ItemGroup>
			<DelphiCompile Include="GlPackage.dpk">
				<MainSource>MainSource</MainSource>
			</DelphiCompile>
			<DCCReference Include="rtl.dcp"/>
			<DCCReference Include="vcl.dcp"/>
			<DCCReference Include="designide.dcp"/>
			<DCCReference Include="xmlrtl.dcp"/>
			<DCCReference Include="vclactnband.dcp"/>
			<DCCReference Include="vclx.dcp"/>
			<DCCReference Include="dcl_own.dcp"/>
			<DCCReference Include="vcldb.dcp"/>
			<DCCReference Include="dbrtl.dcp"/>
			<DCCReference Include="bdertl.dcp"/>
			<DCCReference Include="inet.dcp"/>
			<DCCReference Include="vclimg.dcp"/>
			<DCCReference Include="VclSmp.dcp"/>
			<DCCReference Include="components\uBaseGlComponent.pas"/>
			<DCCReference Include="uGlPackage.pas"/>
			<DCCReference Include="PropertEditors\uPathEdior.pas"/>
			<DCCReference Include="PropertEditors\uGlBasePropertyEdior.pas"/>
			<DCCReference Include="dialogs\uObjectsPropertyForm.pas">
				<Form>ObjExplorerDlg</Form>
			</DCCReference>
			<DCCReference Include="components\uEditObj.pas"/>
			<DCCReference Include="PropertEditors\uEditPoint3.pas"/>
			<DCCReference Include="components\uGlComponent.pas"/>
			<DCCReference Include="components\uGlBaseItem.pas"/>
			<DCCReference Include="components\TestUnit.pas"/>
			<DCCReference Include="PropertEditors\TestEditor.pas"/>
			<DCCReference Include="components\Asutp\uGlTurbine.pas">
				<Form>/,uChartEvents in &apos;..\..\..\sharedUtils\компоненты\chart_dpk\chart\utils\lists\uChartEvents.pas&apos;</Form>
			</DCCReference>
			<BuildConfiguration Include="Base">
				<Key>Base</Key>
			</BuildConfiguration>
			<BuildConfiguration Include="Release">
				<Key>Cfg_1</Key>
				<CfgParent>Base</CfgParent>
			</BuildConfiguration>
			<BuildConfiguration Include="Debug">
				<Key>Cfg_2</Key>
				<CfgParent>Base</CfgParent>
			</BuildConfiguration>
		</ItemGroup>
		<Import Project="$(BDS)\Bin\CodeGear.Delphi.Targets" Condition="Exists('$(BDS)\Bin\CodeGear.Delphi.Targets')"/>
		<ProjectExtensions>
			<Borland.Personality>Delphi.Personality.12</Borland.Personality>
			<Borland.ProjectType>Package</Borland.ProjectType>
			<BorlandProject>
				<Delphi.Personality>
					<Parameters>
						<Parameters Name="UseLauncher">False</Parameters>
						<Parameters Name="LoadAllSymbols">True</Parameters>
						<Parameters Name="LoadUnspecifiedSymbols">False</Parameters>
					</Parameters>
					<VersionInfo>
						<VersionInfo Name="IncludeVerInfo">True</VersionInfo>
						<VersionInfo Name="AutoIncBuild">False</VersionInfo>
						<VersionInfo Name="MajorVer">1</VersionInfo>
						<VersionInfo Name="MinorVer">0</VersionInfo>
						<VersionInfo Name="Release">0</VersionInfo>
						<VersionInfo Name="Build">0</VersionInfo>
						<VersionInfo Name="Debug">False</VersionInfo>
						<VersionInfo Name="PreRelease">False</VersionInfo>
						<VersionInfo Name="Special">False</VersionInfo>
						<VersionInfo Name="Private">False</VersionInfo>
						<VersionInfo Name="DLL">False</VersionInfo>
						<VersionInfo Name="Locale">1049</VersionInfo>
						<VersionInfo Name="CodePage">1251</VersionInfo>
					</VersionInfo>
					<VersionInfoKeys>
						<VersionInfoKeys Name="CompanyName"/>
						<VersionInfoKeys Name="FileDescription"/>
						<VersionInfoKeys Name="FileVersion">1.0.0.0</VersionInfoKeys>
						<VersionInfoKeys Name="InternalName"/>
						<VersionInfoKeys Name="LegalCopyright"/>
						<VersionInfoKeys Name="LegalTrademarks"/>
						<VersionInfoKeys Name="OriginalFilename"/>
						<VersionInfoKeys Name="ProductName"/>
						<VersionInfoKeys Name="ProductVersion">1.0.0.0</VersionInfoKeys>
						<VersionInfoKeys Name="Comments"/>
					</VersionInfoKeys>
					<Source>
						<Source Name="MainSource">GlPackage.dpk</Source>
					</Source>
					<Excluded_Packages>
						<Excluded_Packages Name="$(BDS)\bin\bcboffice2k140.bpl">Embarcadero C++Builder Office 2000 Servers Package</Excluded_Packages>
						<Excluded_Packages Name="$(BDS)\bin\bcbofficexp140.bpl">Embarcadero C++Builder Office XP Servers Package</Excluded_Packages>
						<Excluded_Packages Name="$(BDS)\bin\dcloffice2k140.bpl">Microsoft Office 2000 Sample Automation Server Wrapper Components</Excluded_Packages>
						<Excluded_Packages Name="$(BDS)\bin\dclofficexp140.bpl">Microsoft Office XP Sample Automation Server Wrapper Components</Excluded_Packages>
					</Excluded_Packages>
				</Delphi.Personality>
			</BorlandProject>
			<ProjectFileVersion>12</ProjectFileVersion>
		</ProjectExtensions>
	</Project>
